{
  "object": {
    "pins": [
      {
        "package": "swift-nio",
        "repositoryURL": "https://github.com/apple/swift-nio.git",
        "state": {
          "branch": null,
          "revision": "334815f6580b5256409d48431751938c4e966e72",
          "version": "2.4.0"
        }
      }
    ]
  },
  "version": 1
}
